
Microsoft Visual Studio Solution File, Format Version 12.00
# Visual Studio Version 16
VisualStudioVersion = 16.0.30611.23
MinimumVisualStudioVersion = 10.0.40219.1
Project("{FAE04EC0-301F-11D3-BF4B-00C04F79EFBC}") = "CORE.Website", "CORE.Website\CORE.Website.csproj", "{6DCBE611-F74E-42C3-AFE7-EC61CAAA7597}"
EndProject
Project("{FAE04EC0-301F-11D3-BF4B-00C04F79EFBC}") = "CORE.API", "CORE.API\CORE.API.csproj", "{B91F6931-0B1D-4BA0-8B4B-78BFD1890CA6}"
EndProject
Project("{FAE04EC0-301F-11D3-BF4B-00C04F79EFBC}") = "CORE.Utility", "CORE.Utility\CORE.Utility.csproj", "{4A902BE5-9ECE-47E9-9240-EC83C81DC3C3}"
EndProject
Project("{FAE04EC0-301F-11D3-BF4B-00C04F79EFBC}") = "CORE.Domain", "CORE.Domain\CORE.Domain.csproj", "{BDB02F23-BB0B-4432-8545-06B718D04A9D}"
EndProject
Project("{FAE04EC0-301F-11D3-BF4B-00C04F79EFBC}") = "CORE.Data", "CORE.Data\CORE.Data.csproj", "{9C5E6685-75D0-4FBB-8381-7917BA437A4F}"
EndProject
Project("{FAE04EC0-301F-11D3-BF4B-00C04F79EFBC}") = "CORE.Service", "CORE.Service\CORE.Service.csproj", "{AD6B7C2B-136F-4057-A5F7-8803C7F3C994}"
EndProject
Project("{2150E333-8FDC-42A3-9474-1A3956D46DE8}") = "1. Utility", "1. Utility", "{F78AFB8E-0EEB-4634-8D9B-5D5335E41782}"
EndProject
Project("{2150E333-8FDC-42A3-9474-1A3956D46DE8}") = "2. Core", "2. Core", "{C1C56D57-5BA1-4951-A791-BB541FE5BB7A}"
EndProject
Project("{2150E333-8FDC-42A3-9474-1A3956D46DE8}") = "3. Data", "3. Data", "{05C58474-FE1B-4A0F-879B-25D0FAB6C65B}"
EndProject
Project("{2150E333-8FDC-42A3-9474-1A3956D46DE8}") = "4. Service", "4. Service", "{054F377C-9B99-4D96-97C8-F2B2138AD042}"
EndProject
Project("{2150E333-8FDC-42A3-9474-1A3956D46DE8}") = "6. Application", "6. Application", "{6DEBEE59-6180-4499-97CB-733DBFFEC0FA}"
EndProject
Project("{2150E333-8FDC-42A3-9474-1A3956D46DE8}") = "5. Framework", "5. Framework", "{1D5158C0-1DFF-40C5-80E9-88401DBA582A}"
EndProject
Global
	GlobalSection(SolutionConfigurationPlatforms) = preSolution
		Debug|Any CPU = Debug|Any CPU
		Release|Any CPU = Release|Any CPU
	EndGlobalSection
	GlobalSection(ProjectConfigurationPlatforms) = postSolution
		{6DCBE611-F74E-42C3-AFE7-EC61CAAA7597}.Debug|Any CPU.ActiveCfg = Debug|Any CPU
		{6DCBE611-F74E-42C3-AFE7-EC61CAAA7597}.Debug|Any CPU.Build.0 = Debug|Any CPU
		{6DCBE611-F74E-42C3-AFE7-EC61CAAA7597}.Release|Any CPU.ActiveCfg = Release|Any CPU
		{6DCBE611-F74E-42C3-AFE7-EC61CAAA7597}.Release|Any CPU.Build.0 = Release|Any CPU
		{B91F6931-0B1D-4BA0-8B4B-78BFD1890CA6}.Debug|Any CPU.ActiveCfg = Debug|Any CPU
		{B91F6931-0B1D-4BA0-8B4B-78BFD1890CA6}.Debug|Any CPU.Build.0 = Debug|Any CPU
		{B91F6931-0B1D-4BA0-8B4B-78BFD1890CA6}.Release|Any CPU.ActiveCfg = Release|Any CPU
		{B91F6931-0B1D-4BA0-8B4B-78BFD1890CA6}.Release|Any CPU.Build.0 = Release|Any CPU
		{4A902BE5-9ECE-47E9-9240-EC83C81DC3C3}.Debug|Any CPU.ActiveCfg = Debug|Any CPU
		{4A902BE5-9ECE-47E9-9240-EC83C81DC3C3}.Debug|Any CPU.Build.0 = Debug|Any CPU
		{4A902BE5-9ECE-47E9-9240-EC83C81DC3C3}.Release|Any CPU.ActiveCfg = Release|Any CPU
		{4A902BE5-9ECE-47E9-9240-EC83C81DC3C3}.Release|Any CPU.Build.0 = Release|Any CPU
		{BDB02F23-BB0B-4432-8545-06B718D04A9D}.Debug|Any CPU.ActiveCfg = Debug|Any CPU
		{BDB02F23-BB0B-4432-8545-06B718D04A9D}.Debug|Any CPU.Build.0 = Debug|Any CPU
		{BDB02F23-BB0B-4432-8545-06B718D04A9D}.Release|Any CPU.ActiveCfg = Release|Any CPU
		{BDB02F23-BB0B-4432-8545-06B718D04A9D}.Release|Any CPU.Build.0 = Release|Any CPU
		{9C5E6685-75D0-4FBB-8381-7917BA437A4F}.Debug|Any CPU.ActiveCfg = Debug|Any CPU
		{9C5E6685-75D0-4FBB-8381-7917BA437A4F}.Debug|Any CPU.Build.0 = Debug|Any CPU
		{9C5E6685-75D0-4FBB-8381-7917BA437A4F}.Release|Any CPU.ActiveCfg = Release|Any CPU
		{9C5E6685-75D0-4FBB-8381-7917BA437A4F}.Release|Any CPU.Build.0 = Release|Any CPU
		{AD6B7C2B-136F-4057-A5F7-8803C7F3C994}.Debug|Any CPU.ActiveCfg = Debug|Any CPU
		{AD6B7C2B-136F-4057-A5F7-8803C7F3C994}.Debug|Any CPU.Build.0 = Debug|Any CPU
		{AD6B7C2B-136F-4057-A5F7-8803C7F3C994}.Release|Any CPU.ActiveCfg = Release|Any CPU
		{AD6B7C2B-136F-4057-A5F7-8803C7F3C994}.Release|Any CPU.Build.0 = Release|Any CPU
	EndGlobalSection
	GlobalSection(SolutionProperties) = preSolution
		HideSolutionNode = FALSE
	EndGlobalSection
	GlobalSection(NestedProjects) = preSolution
		{6DCBE611-F74E-42C3-AFE7-EC61CAAA7597} = {6DEBEE59-6180-4499-97CB-733DBFFEC0FA}
		{B91F6931-0B1D-4BA0-8B4B-78BFD1890CA6} = {6DEBEE59-6180-4499-97CB-733DBFFEC0FA}
		{4A902BE5-9ECE-47E9-9240-EC83C81DC3C3} = {F78AFB8E-0EEB-4634-8D9B-5D5335E41782}
		{BDB02F23-BB0B-4432-8545-06B718D04A9D} = {C1C56D57-5BA1-4951-A791-BB541FE5BB7A}
		{9C5E6685-75D0-4FBB-8381-7917BA437A4F} = {05C58474-FE1B-4A0F-879B-25D0FAB6C65B}
		{AD6B7C2B-136F-4057-A5F7-8803C7F3C994} = {054F377C-9B99-4D96-97C8-F2B2138AD042}
	EndGlobalSection
	GlobalSection(ExtensibilityGlobals) = postSolution
		SolutionGuid = {D5319682-EBBB-4F15-82BB-C3D493346D14}
	EndGlobalSection
EndGlobal
